
Microsoft Visual Studio Solution File, Format Version 12.00
# Visual Studio Version 17
VisualStudioVersion = 17.11.35312.102
MinimumVisualStudioVersion = 10.0.40219.1
Project("{2150E333-8FDC-42A3-9474-1A3956D46DE8}") = "Task0", "Task0", "{3934C87D-E081-40EF-BEE1-8406FD2FD90E}"
EndProject
Project("{FAE04EC0-301F-11D3-BF4B-00C04F79EFBC}") = "Tyuiu.TodikovDE.Sprint6.Task0.V2.Lib", "Tyuiu.TodikovDE.Sprint6.Task0.V2.Lib\Tyuiu.TodikovDE.Sprint6.Task0.V2.Lib.csproj", "{3C28BF46-1484-43F6-9A33-FB285319B8D6}"
EndProject
Project("{FAE04EC0-301F-11D3-BF4B-00C04F79EFBC}") = "Tyuiu.TodikovDE.Sprint6.Task0.V2.Test", "Tyuiu.TodikovDE.Sprint6.Task0.V2.Test\Tyuiu.TodikovDE.Sprint6.Task0.V2.Test.csproj", "{D66D6F20-8224-40B1-8A36-5D7F1EE97270}"
EndProject
Project("{FAE04EC0-301F-11D3-BF4B-00C04F79EFBC}") = "Tyuiu.TodikovDE.Sprint6.Task0.V2", "Tyuiu.TodikovDE.Sprint6.Task0.V2\Tyuiu.TodikovDE.Sprint6.Task0.V2.csproj", "{9E57853B-6D4A-4446-B5CF-A833DFCFF77A}"
EndProject
Project("{2150E333-8FDC-42A3-9474-1A3956D46DE8}") = "Task1", "Task1", "{C39E3C75-9325-4CA9-B405-4F682C970A23}"
EndProject
Project("{FAE04EC0-301F-11D3-BF4B-00C04F79EFBC}") = "Tyuiu.TodikovDE.Sprint6.Task1.V15.Lib", "Tyuiu.TodikovDE.Sprint6.Task1.V15.Lib\Tyuiu.TodikovDE.Sprint6.Task1.V15.Lib.csproj", "{13E61CC7-8F07-4322-83C6-D114AFBBEE2F}"
EndProject
Project("{FAE04EC0-301F-11D3-BF4B-00C04F79EFBC}") = "Tyuiu.TodikovDE.Sprint6.Task1.V15.Test", "Tyuiu.TodikovDE.Sprint6.Task1.V15.Test\Tyuiu.TodikovDE.Sprint6.Task1.V15.Test.csproj", "{0DD491B6-1552-4F09-A8D1-CEA6775F9A9B}"
EndProject
Project("{FAE04EC0-301F-11D3-BF4B-00C04F79EFBC}") = "Tyuiu.TodikovDE.Sprint6.Task1.V15", "Tyuiu.TodikovDE.Sprint6.Task1.V15\Tyuiu.TodikovDE.Sprint6.Task1.V15.csproj", "{5EB263A3-0620-4D6C-AB32-483C76F83C56}"
EndProject
Project("{2150E333-8FDC-42A3-9474-1A3956D46DE8}") = "Task2", "Task2", "{C35E5388-B7A1-44E2-82A1-1A2ED269DE64}"
EndProject
Project("{FAE04EC0-301F-11D3-BF4B-00C04F79EFBC}") = "Tyuiu.TodikovDE.Sprint6.Task2.V30.Lib", "Tyuiu.TodikovDE.Sprint6.Task2.V30.Lib\Tyuiu.TodikovDE.Sprint6.Task2.V30.Lib.csproj", "{D18BE5E3-7B77-4062-9419-C68D64FC72EE}"
EndProject
Project("{FAE04EC0-301F-11D3-BF4B-00C04F79EFBC}") = "Tyuiu.TodikovDE.Sprint6.Task2.V30.Test", "Tyuiu.TodikovDE.Sprint6.Task2.V30.Test\Tyuiu.TodikovDE.Sprint6.Task2.V30.Test.csproj", "{80B76B65-8742-4432-A1D3-F51DBC5227DE}"
EndProject
Global
	GlobalSection(SolutionConfigurationPlatforms) = preSolution
		Debug|Any CPU = Debug|Any CPU
		Release|Any CPU = Release|Any CPU
	EndGlobalSection
	GlobalSection(ProjectConfigurationPlatforms) = postSolution
		{3C28BF46-1484-43F6-9A33-FB285319B8D6}.Debug|Any CPU.ActiveCfg = Debug|Any CPU
		{3C28BF46-1484-43F6-9A33-FB285319B8D6}.Debug|Any CPU.Build.0 = Debug|Any CPU
		{3C28BF46-1484-43F6-9A33-FB285319B8D6}.Release|Any CPU.ActiveCfg = Release|Any CPU
		{3C28BF46-1484-43F6-9A33-FB285319B8D6}.Release|Any CPU.Build.0 = Release|Any CPU
		{D66D6F20-8224-40B1-8A36-5D7F1EE97270}.Debug|Any CPU.ActiveCfg = Debug|Any CPU
		{D66D6F20-8224-40B1-8A36-5D7F1EE97270}.Debug|Any CPU.Build.0 = Debug|Any CPU
		{D66D6F20-8224-40B1-8A36-5D7F1EE97270}.Release|Any CPU.ActiveCfg = Release|Any CPU
		{D66D6F20-8224-40B1-8A36-5D7F1EE97270}.Release|Any CPU.Build.0 = Release|Any CPU
		{9E57853B-6D4A-4446-B5CF-A833DFCFF77A}.Debug|Any CPU.ActiveCfg = Debug|Any CPU
		{9E57853B-6D4A-4446-B5CF-A833DFCFF77A}.Debug|Any CPU.Build.0 = Debug|Any CPU
		{9E57853B-6D4A-4446-B5CF-A833DFCFF77A}.Release|Any CPU.ActiveCfg = Release|Any CPU
		{9E57853B-6D4A-4446-B5CF-A833DFCFF77A}.Release|Any CPU.Build.0 = Release|Any CPU
		{13E61CC7-8F07-4322-83C6-D114AFBBEE2F}.Debug|Any CPU.ActiveCfg = Debug|Any CPU
		{13E61CC7-8F07-4322-83C6-D114AFBBEE2F}.Debug|Any CPU.Build.0 = Debug|Any CPU
		{13E61CC7-8F07-4322-83C6-D114AFBBEE2F}.Release|Any CPU.ActiveCfg = Release|Any CPU
		{13E61CC7-8F07-4322-83C6-D114AFBBEE2F}.Release|Any CPU.Build.0 = Release|Any CPU
		{0DD491B6-1552-4F09-A8D1-CEA6775F9A9B}.Debug|Any CPU.ActiveCfg = Debug|Any CPU
		{0DD491B6-1552-4F09-A8D1-CEA6775F9A9B}.Debug|Any CPU.Build.0 = Debug|Any CPU
		{0DD491B6-1552-4F09-A8D1-CEA6775F9A9B}.Release|Any CPU.ActiveCfg = Release|Any CPU
		{0DD491B6-1552-4F09-A8D1-CEA6775F9A9B}.Release|Any CPU.Build.0 = Release|Any CPU
		{5EB263A3-0620-4D6C-AB32-483C76F83C56}.Debug|Any CPU.ActiveCfg = Debug|Any CPU
		{5EB263A3-0620-4D6C-AB32-483C76F83C56}.Debug|Any CPU.Build.0 = Debug|Any CPU
		{5EB263A3-0620-4D6C-AB32-483C76F83C56}.Release|Any CPU.ActiveCfg = Release|Any CPU
		{5EB263A3-0620-4D6C-AB32-483C76F83C56}.Release|Any CPU.Build.0 = Release|Any CPU
		{D18BE5E3-7B77-4062-9419-C68D64FC72EE}.Debug|Any CPU.ActiveCfg = Debug|Any CPU
		{D18BE5E3-7B77-4062-9419-C68D64FC72EE}.Debug|Any CPU.Build.0 = Debug|Any CPU
		{D18BE5E3-7B77-4062-9419-C68D64FC72EE}.Release|Any CPU.ActiveCfg = Release|Any CPU
		{D18BE5E3-7B77-4062-9419-C68D64FC72EE}.Release|Any CPU.Build.0 = Release|Any CPU
		{80B76B65-8742-4432-A1D3-F51DBC5227DE}.Debug|Any CPU.ActiveCfg = Debug|Any CPU
		{80B76B65-8742-4432-A1D3-F51DBC5227DE}.Debug|Any CPU.Build.0 = Debug|Any CPU
		{80B76B65-8742-4432-A1D3-F51DBC5227DE}.Release|Any CPU.ActiveCfg = Release|Any CPU
		{80B76B65-8742-4432-A1D3-F51DBC5227DE}.Release|Any CPU.Build.0 = Release|Any CPU
	EndGlobalSection
	GlobalSection(SolutionProperties) = preSolution
		HideSolutionNode = FALSE
	EndGlobalSection
	GlobalSection(NestedProjects) = preSolution
		{3C28BF46-1484-43F6-9A33-FB285319B8D6} = {3934C87D-E081-40EF-BEE1-8406FD2FD90E}
		{D66D6F20-8224-40B1-8A36-5D7F1EE97270} = {3934C87D-E081-40EF-BEE1-8406FD2FD90E}
		{9E57853B-6D4A-4446-B5CF-A833DFCFF77A} = {3934C87D-E081-40EF-BEE1-8406FD2FD90E}
		{13E61CC7-8F07-4322-83C6-D114AFBBEE2F} = {C39E3C75-9325-4CA9-B405-4F682C970A23}
		{0DD491B6-1552-4F09-A8D1-CEA6775F9A9B} = {C39E3C75-9325-4CA9-B405-4F682C970A23}
		{5EB263A3-0620-4D6C-AB32-483C76F83C56} = {C39E3C75-9325-4CA9-B405-4F682C970A23}
		{D18BE5E3-7B77-4062-9419-C68D64FC72EE} = {C35E5388-B7A1-44E2-82A1-1A2ED269DE64}
		{80B76B65-8742-4432-A1D3-F51DBC5227DE} = {C35E5388-B7A1-44E2-82A1-1A2ED269DE64}
	EndGlobalSection
	GlobalSection(ExtensibilityGlobals) = postSolution
		SolutionGuid = {18ACDBE4-3375-4B91-A5D7-CBBF4648E799}
	EndGlobalSection
EndGlobal
